
Microsoft Visual Studio Solution File, Format Version 12.00
# Visual Studio Version 17
VisualStudioVersion = 17.5.33414.496
MinimumVisualStudioVersion = 10.0.40219.1
Project("{FAE04EC0-301F-11D3-BF4B-00C04F79EFBC}") = "RiskBazar.Chart.WebApplication1", "RiskBazar.Chart.WebApplication1\RiskBazar.Chart.WebApplication1.csproj", "{4870A5FE-3AEE-4778-A4FC-8C7B0EF365A3}"
EndProject
Project("{FAE04EC0-301F-11D3-BF4B-00C04F79EFBC}") = "Chart.Browser.WindowsFormsApp1", "Chart.Browser.WindowsFormsApp1\Chart.Browser.WindowsFormsApp1.csproj", "{FCB3CB82-BE47-4AB2-97ED-53FB5D7566B1}"
EndProject
Project("{FAE04EC0-301F-11D3-BF4B-00C04F79EFBC}") = "HighChart.WinFrmsApp", "HighChart.WinFrmsApp\HighChart.WinFrmsApp.csproj", "{CDCF1840-6F93-478C-BB86-EB75D20A141E}"
EndProject
Global
	GlobalSection(SolutionConfigurationPlatforms) = preSolution
		Debug|Any CPU = Debug|Any CPU
		Release|Any CPU = Release|Any CPU
	EndGlobalSection
	GlobalSection(ProjectConfigurationPlatforms) = postSolution
		{4870A5FE-3AEE-4778-A4FC-8C7B0EF365A3}.Debug|Any CPU.ActiveCfg = Debug|Any CPU
		{4870A5FE-3AEE-4778-A4FC-8C7B0EF365A3}.Debug|Any CPU.Build.0 = Debug|Any CPU
		{4870A5FE-3AEE-4778-A4FC-8C7B0EF365A3}.Release|Any CPU.ActiveCfg = Release|Any CPU
		{4870A5FE-3AEE-4778-A4FC-8C7B0EF365A3}.Release|Any CPU.Build.0 = Release|Any CPU
		{FCB3CB82-BE47-4AB2-97ED-53FB5D7566B1}.Debug|Any CPU.ActiveCfg = Debug|Any CPU
		{FCB3CB82-BE47-4AB2-97ED-53FB5D7566B1}.Debug|Any CPU.Build.0 = Debug|Any CPU
		{FCB3CB82-BE47-4AB2-97ED-53FB5D7566B1}.Release|Any CPU.ActiveCfg = Release|Any CPU
		{FCB3CB82-BE47-4AB2-97ED-53FB5D7566B1}.Release|Any CPU.Build.0 = Release|Any CPU
		{CDCF1840-6F93-478C-BB86-EB75D20A141E}.Debug|Any CPU.ActiveCfg = Debug|Any CPU
		{CDCF1840-6F93-478C-BB86-EB75D20A141E}.Debug|Any CPU.Build.0 = Debug|Any CPU
		{CDCF1840-6F93-478C-BB86-EB75D20A141E}.Release|Any CPU.ActiveCfg = Release|Any CPU
		{CDCF1840-6F93-478C-BB86-EB75D20A141E}.Release|Any CPU.Build.0 = Release|Any CPU
	EndGlobalSection
	GlobalSection(SolutionProperties) = preSolution
		HideSolutionNode = FALSE
	EndGlobalSection
	GlobalSection(ExtensibilityGlobals) = postSolution
		SolutionGuid = {884364D8-67C5-4CD6-A8D1-EFBF0E2CE456}
	EndGlobalSection
EndGlobal
